
Microsoft Visual Studio Solution File, Format Version 12.00
# Visual Studio Version 16
VisualStudioVersion = 16.0.33801.447
MinimumVisualStudioVersion = 10.0.40219.1
Project("{FAE04EC0-301F-11D3-BF4B-00C04F79EFBC}") = "WpfApp1", "WpfApp1\WpfApp1.csproj", "{F10709AD-4754-41B7-931E-720D0927370B}"
EndProject
Global
	GlobalSection(SolutionConfigurationPlatforms) = preSolution
		Debug|Any CPU = Debug|Any CPU
		Release|Any CPU = Release|Any CPU
	EndGlobalSection
	GlobalSection(ProjectConfigurationPlatforms) = postSolution
		{F10709AD-4754-41B7-931E-720D0927370B}.Debug|Any CPU.ActiveCfg = Debug|Any CPU
		{F10709AD-4754-41B7-931E-720D0927370B}.Debug|Any CPU.Build.0 = Debug|Any CPU
		{F10709AD-4754-41B7-931E-720D0927370B}.Release|Any CPU.ActiveCfg = Release|Any CPU
		{F10709AD-4754-41B7-931E-720D0927370B}.Release|Any CPU.Build.0 = Release|Any CPU
	EndGlobalSection
	GlobalSection(SolutionProperties) = preSolution
		HideSolutionNode = FALSE
	EndGlobalSection
	GlobalSection(ExtensibilityGlobals) = postSolution
		SolutionGuid = {2EDE6A09-3671-4594-A70E-AFE079094C41}
	EndGlobalSection
EndGlobal
